
Microsoft Visual Studio Solution File, Format Version 12.00
# Visual Studio Version 17
VisualStudioVersion = 17.14.36518.9 d17.14
MinimumVisualStudioVersion = 10.0.40219.1
Project("{FAE04EC0-301F-11D3-BF4B-00C04F79EFBC}") = "WebServer", "WebServer.csproj", "{251445DE-C47D-42FF-AE60-BBED15F95CA1}"
EndProject
Global
	GlobalSection(SolutionConfigurationPlatforms) = preSolution
		Debug|Any CPU = Debug|Any CPU
		Release|Any CPU = Release|Any CPU
	EndGlobalSection
	GlobalSection(ProjectConfigurationPlatforms) = postSolution
		{251445DE-C47D-42FF-AE60-BBED15F95CA1}.Debug|Any CPU.ActiveCfg = Debug|Any CPU
		{251445DE-C47D-42FF-AE60-BBED15F95CA1}.Debug|Any CPU.Build.0 = Debug|Any CPU
		{251445DE-C47D-42FF-AE60-BBED15F95CA1}.Release|Any CPU.ActiveCfg = Release|Any CPU
		{251445DE-C47D-42FF-AE60-BBED15F95CA1}.Release|Any CPU.Build.0 = Release|Any CPU
	EndGlobalSection
	GlobalSection(SolutionProperties) = preSolution
		HideSolutionNode = FALSE
	EndGlobalSection
	GlobalSection(ExtensibilityGlobals) = postSolution
		SolutionGuid = {C7A049A8-264E-441C-BCEE-3FE5B2FBA870}
	EndGlobalSection
EndGlobal
